
Microsoft Visual Studio Solution File, Format Version 12.00
# Visual Studio Version 17
VisualStudioVersion = 17.9.34607.119
MinimumVisualStudioVersion = 10.0.40219.1
Project("{FAE04EC0-301F-11D3-BF4B-00C04F79EFBC}") = "UserUI", "UserUI\UserUI.csproj", "{BE6B4FFA-6932-401D-9A7F-39550BDC0D94}"
EndProject
Project("{FAE04EC0-301F-11D3-BF4B-00C04F79EFBC}") = "Sort", "Sort\Sort.csproj", "{3140E415-0961-4587-ACCF-23B0B8626428}"
EndProject
Global
	GlobalSection(SolutionConfigurationPlatforms) = preSolution
		Debug|Any CPU = Debug|Any CPU
		Release|Any CPU = Release|Any CPU
	EndGlobalSection
	GlobalSection(ProjectConfigurationPlatforms) = postSolution
		{BE6B4FFA-6932-401D-9A7F-39550BDC0D94}.Debug|Any CPU.ActiveCfg = Debug|Any CPU
		{BE6B4FFA-6932-401D-9A7F-39550BDC0D94}.Debug|Any CPU.Build.0 = Debug|Any CPU
		{BE6B4FFA-6932-401D-9A7F-39550BDC0D94}.Release|Any CPU.ActiveCfg = Release|Any CPU
		{BE6B4FFA-6932-401D-9A7F-39550BDC0D94}.Release|Any CPU.Build.0 = Release|Any CPU
		{3140E415-0961-4587-ACCF-23B0B8626428}.Debug|Any CPU.ActiveCfg = Debug|Any CPU
		{3140E415-0961-4587-ACCF-23B0B8626428}.Debug|Any CPU.Build.0 = Debug|Any CPU
		{3140E415-0961-4587-ACCF-23B0B8626428}.Release|Any CPU.ActiveCfg = Release|Any CPU
		{3140E415-0961-4587-ACCF-23B0B8626428}.Release|Any CPU.Build.0 = Release|Any CPU
	EndGlobalSection
	GlobalSection(SolutionProperties) = preSolution
		HideSolutionNode = FALSE
	EndGlobalSection
	GlobalSection(ExtensibilityGlobals) = postSolution
		SolutionGuid = {F6EC07D0-DD2B-48B1-8753-3EA47FDA15DC}
	EndGlobalSection
EndGlobal
